
Microsoft Visual Studio Solution File, Format Version 11.00
# Visual Studio 2010
Project("{FAE04EC0-301F-11D3-BF4B-00C04F79EFBC}") = "Gibbed.Rebirth.Unpack", "Gibbed.Rebirth.Unpack\Gibbed.Rebirth.Unpack.csproj", "{2E47152B-1F90-4146-8ECC-E67EBA11CA3D}"
EndProject
Project("{FAE04EC0-301F-11D3-BF4B-00C04F79EFBC}") = "Gibbed.IO", "Gibbed.IO\Gibbed.IO.csproj", "{047857BA-DAA3-4CA7-AFB8-A1B082B28C6A}"
EndProject
Project("{FAE04EC0-301F-11D3-BF4B-00C04F79EFBC}") = "Gibbed.ProjectData", "Gibbed.ProjectData\Gibbed.ProjectData.csproj", "{F27A289E-3376-4653-89F3-D19C1ECABF33}"
EndProject
Project("{FAE04EC0-301F-11D3-BF4B-00C04F79EFBC}") = "NDesk.Options", "NDesk.Options\NDesk.Options.csproj", "{C98A6CD6-9422-4B35-8B7A-F520D75534D1}"
EndProject
Project("{FAE04EC0-301F-11D3-BF4B-00C04F79EFBC}") = "Gibbed.Rebirth.FileFormats", "Gibbed.Rebirth.FileFormats\Gibbed.Rebirth.FileFormats.csproj", "{B0004480-2A5E-4805-B14B-12D368A189AC}"
EndProject
Project("{FAE04EC0-301F-11D3-BF4B-00C04F79EFBC}") = "RebuildFileLists", "RebuildFileLists\RebuildFileLists.csproj", "{46F69D44-337F-441B-9A88-0BEAD2311ACD}"
EndProject
Project("{FAE04EC0-301F-11D3-BF4B-00C04F79EFBC}") = "Gibbed.Rebirth.ConvertStage", "Gibbed.Rebirth.ConvertStage\Gibbed.Rebirth.ConvertStage.csproj", "{E3F7BBD8-27E8-4F2F-A62E-2C8B575DF8FD}"
EndProject
Global
	GlobalSection(SolutionConfigurationPlatforms) = preSolution
		Debug|Any CPU = Debug|Any CPU
		Debug|Mixed Platforms = Debug|Mixed Platforms
		Debug|x86 = Debug|x86
		Release|Any CPU = Release|Any CPU
		Release|Mixed Platforms = Release|Mixed Platforms
		Release|x86 = Release|x86
	EndGlobalSection
	GlobalSection(ProjectConfigurationPlatforms) = postSolution
		{2E47152B-1F90-4146-8ECC-E67EBA11CA3D}.Debug|Any CPU.ActiveCfg = Debug|x86
		{2E47152B-1F90-4146-8ECC-E67EBA11CA3D}.Debug|Mixed Platforms.ActiveCfg = Debug|x86
		{2E47152B-1F90-4146-8ECC-E67EBA11CA3D}.Debug|Mixed Platforms.Build.0 = Debug|x86
		{2E47152B-1F90-4146-8ECC-E67EBA11CA3D}.Debug|x86.ActiveCfg = Debug|x86
		{2E47152B-1F90-4146-8ECC-E67EBA11CA3D}.Debug|x86.Build.0 = Debug|x86
		{2E47152B-1F90-4146-8ECC-E67EBA11CA3D}.Release|Any CPU.ActiveCfg = Release|x86
		{2E47152B-1F90-4146-8ECC-E67EBA11CA3D}.Release|Mixed Platforms.ActiveCfg = Release|x86
		{2E47152B-1F90-4146-8ECC-E67EBA11CA3D}.Release|Mixed Platforms.Build.0 = Release|x86
		{2E47152B-1F90-4146-8ECC-E67EBA11CA3D}.Release|x86.ActiveCfg = Release|x86
		{2E47152B-1F90-4146-8ECC-E67EBA11CA3D}.Release|x86.Build.0 = Release|x86
		{047857BA-DAA3-4CA7-AFB8-A1B082B28C6A}.Debug|Any CPU.ActiveCfg = Debug|Any CPU
		{047857BA-DAA3-4CA7-AFB8-A1B082B28C6A}.Debug|Any CPU.Build.0 = Debug|Any CPU
		{047857BA-DAA3-4CA7-AFB8-A1B082B28C6A}.Debug|Mixed Platforms.ActiveCfg = Debug|Any CPU
		{047857BA-DAA3-4CA7-AFB8-A1B082B28C6A}.Debug|Mixed Platforms.Build.0 = Debug|Any CPU
		{047857BA-DAA3-4CA7-AFB8-A1B082B28C6A}.Debug|x86.ActiveCfg = Debug|Any CPU
		{047857BA-DAA3-4CA7-AFB8-A1B082B28C6A}.Release|Any CPU.ActiveCfg = Release|Any CPU
		{047857BA-DAA3-4CA7-AFB8-A1B082B28C6A}.Release|Any CPU.Build.0 = Release|Any CPU
		{047857BA-DAA3-4CA7-AFB8-A1B082B28C6A}.Release|Mixed Platforms.ActiveCfg = Release|Any CPU
		{047857BA-DAA3-4CA7-AFB8-A1B082B28C6A}.Release|Mixed Platforms.Build.0 = Release|Any CPU
		{047857BA-DAA3-4CA7-AFB8-A1B082B28C6A}.Release|x86.ActiveCfg = Release|Any CPU
		{F27A289E-3376-4653-89F3-D19C1ECABF33}.Debug|Any CPU.ActiveCfg = Debug|Any CPU
		{F27A289E-3376-4653-89F3-D19C1ECABF33}.Debug|Any CPU.Build.0 = Debug|Any CPU
		{F27A289E-3376-4653-89F3-D19C1ECABF33}.Debug|Mixed Platforms.ActiveCfg = Debug|Any CPU
		{F27A289E-3376-4653-89F3-D19C1ECABF33}.Debug|Mixed Platforms.Build.0 = Debug|Any CPU
		{F27A289E-3376-4653-89F3-D19C1ECABF33}.Debug|x86.ActiveCfg = Debug|Any CPU
		{F27A289E-3376-4653-89F3-D19C1ECABF33}.Release|Any CPU.ActiveCfg = Release|Any CPU
		{F27A289E-3376-4653-89F3-D19C1ECABF33}.Release|Any CPU.Build.0 = Release|Any CPU
		{F27A289E-3376-4653-89F3-D19C1ECABF33}.Release|Mixed Platforms.ActiveCfg = Release|Any CPU
		{F27A289E-3376-4653-89F3-D19C1ECABF33}.Release|Mixed Platforms.Build.0 = Release|Any CPU
		{F27A289E-3376-4653-89F3-D19C1ECABF33}.Release|x86.ActiveCfg = Release|Any CPU
		{C98A6CD6-9422-4B35-8B7A-F520D75534D1}.Debug|Any CPU.ActiveCfg = Debug|Any CPU
		{C98A6CD6-9422-4B35-8B7A-F520D75534D1}.Debug|Any CPU.Build.0 = Debug|Any CPU
		{C98A6CD6-9422-4B35-8B7A-F520D75534D1}.Debug|Mixed Platforms.ActiveCfg = Debug|Any CPU
		{C98A6CD6-9422-4B35-8B7A-F520D75534D1}.Debug|Mixed Platforms.Build.0 = Debug|Any CPU
		{C98A6CD6-9422-4B35-8B7A-F520D75534D1}.Debug|x86.ActiveCfg = Debug|Any CPU
		{C98A6CD6-9422-4B35-8B7A-F520D75534D1}.Release|Any CPU.ActiveCfg = Release|Any CPU
		{C98A6CD6-9422-4B35-8B7A-F520D75534D1}.Release|Any CPU.Build.0 = Release|Any CPU
		{C98A6CD6-9422-4B35-8B7A-F520D75534D1}.Release|Mixed Platforms.ActiveCfg = Release|Any CPU
		{C98A6CD6-9422-4B35-8B7A-F520D75534D1}.Release|Mixed Platforms.Build.0 = Release|Any CPU
		{C98A6CD6-9422-4B35-8B7A-F520D75534D1}.Release|x86.ActiveCfg = Release|Any CPU
		{B0004480-2A5E-4805-B14B-12D368A189AC}.Debug|Any CPU.ActiveCfg = Debug|Any CPU
		{B0004480-2A5E-4805-B14B-12D368A189AC}.Debug|Any CPU.Build.0 = Debug|Any CPU
		{B0004480-2A5E-4805-B14B-12D368A189AC}.Debug|Mixed Platforms.ActiveCfg = Debug|Any CPU
		{B0004480-2A5E-4805-B14B-12D368A189AC}.Debug|Mixed Platforms.Build.0 = Debug|Any CPU
		{B0004480-2A5E-4805-B14B-12D368A189AC}.Debug|x86.ActiveCfg = Debug|Any CPU
		{B0004480-2A5E-4805-B14B-12D368A189AC}.Release|Any CPU.ActiveCfg = Release|Any CPU
		{B0004480-2A5E-4805-B14B-12D368A189AC}.Release|Any CPU.Build.0 = Release|Any CPU
		{B0004480-2A5E-4805-B14B-12D368A189AC}.Release|Mixed Platforms.ActiveCfg = Release|Any CPU
		{B0004480-2A5E-4805-B14B-12D368A189AC}.Release|Mixed Platforms.Build.0 = Release|Any CPU
		{B0004480-2A5E-4805-B14B-12D368A189AC}.Release|x86.ActiveCfg = Release|Any CPU
		{46F69D44-337F-441B-9A88-0BEAD2311ACD}.Debug|Any CPU.ActiveCfg = Debug|x86
		{46F69D44-337F-441B-9A88-0BEAD2311ACD}.Debug|Mixed Platforms.ActiveCfg = Debug|x86
		{46F69D44-337F-441B-9A88-0BEAD2311ACD}.Debug|Mixed Platforms.Build.0 = Debug|x86
		{46F69D44-337F-441B-9A88-0BEAD2311ACD}.Debug|x86.ActiveCfg = Debug|x86
		{46F69D44-337F-441B-9A88-0BEAD2311ACD}.Debug|x86.Build.0 = Debug|x86
		{46F69D44-337F-441B-9A88-0BEAD2311ACD}.Release|Any CPU.ActiveCfg = Release|x86
		{46F69D44-337F-441B-9A88-0BEAD2311ACD}.Release|Mixed Platforms.ActiveCfg = Release|x86
		{46F69D44-337F-441B-9A88-0BEAD2311ACD}.Release|Mixed Platforms.Build.0 = Release|x86
		{46F69D44-337F-441B-9A88-0BEAD2311ACD}.Release|x86.ActiveCfg = Release|x86
		{46F69D44-337F-441B-9A88-0BEAD2311ACD}.Release|x86.Build.0 = Release|x86
		{E3F7BBD8-27E8-4F2F-A62E-2C8B575DF8FD}.Debug|Any CPU.ActiveCfg = Debug|x86
		{E3F7BBD8-27E8-4F2F-A62E-2C8B575DF8FD}.Debug|Mixed Platforms.ActiveCfg = Debug|x86
		{E3F7BBD8-27E8-4F2F-A62E-2C8B575DF8FD}.Debug|Mixed Platforms.Build.0 = Debug|x86
		{E3F7BBD8-27E8-4F2F-A62E-2C8B575DF8FD}.Debug|x86.ActiveCfg = Debug|x86
		{E3F7BBD8-27E8-4F2F-A62E-2C8B575DF8FD}.Debug|x86.Build.0 = Debug|x86
		{E3F7BBD8-27E8-4F2F-A62E-2C8B575DF8FD}.Release|Any CPU.ActiveCfg = Release|x86
		{E3F7BBD8-27E8-4F2F-A62E-2C8B575DF8FD}.Release|Mixed Platforms.ActiveCfg = Release|x86
		{E3F7BBD8-27E8-4F2F-A62E-2C8B575DF8FD}.Release|Mixed Platforms.Build.0 = Release|x86
		{E3F7BBD8-27E8-4F2F-A62E-2C8B575DF8FD}.Release|x86.ActiveCfg = Release|x86
		{E3F7BBD8-27E8-4F2F-A62E-2C8B575DF8FD}.Release|x86.Build.0 = Release|x86
	EndGlobalSection
	GlobalSection(SolutionProperties) = preSolution
		HideSolutionNode = FALSE
	EndGlobalSection
EndGlobal
